
Microsoft Visual Studio Solution File, Format Version 12.00
# Visual Studio 15
VisualStudioVersion = 15.0.26430.12
MinimumVisualStudioVersion = 10.0.40219.1
Project("{FAE04EC0-301F-11D3-BF4B-00C04F79EFBC}") = "MissionControl", "MissionControl\MissionControl.csproj", "{BE8A59BC-EF0B-4A79-ABB8-B68DA4F453EC}"
EndProject
Project("{FAE04EC0-301F-11D3-BF4B-00C04F79EFBC}") = "MissionControlTests", "MissionControlTests\MissionControlTests.csproj", "{F8AAF1C4-82E3-4C6E-A1BB-7C2C2E7BEA00}"
EndProject
Global
	GlobalSection(SolutionConfigurationPlatforms) = preSolution
		Debug|Any CPU = Debug|Any CPU
		Debug|x86 = Debug|x86
		Release|Any CPU = Release|Any CPU
		Release|x86 = Release|x86
	EndGlobalSection
	GlobalSection(ProjectConfigurationPlatforms) = postSolution
		{BE8A59BC-EF0B-4A79-ABB8-B68DA4F453EC}.Debug|Any CPU.ActiveCfg = Debug|x86
		{BE8A59BC-EF0B-4A79-ABB8-B68DA4F453EC}.Debug|x86.ActiveCfg = Debug|x86
		{BE8A59BC-EF0B-4A79-ABB8-B68DA4F453EC}.Debug|x86.Build.0 = Debug|x86
		{BE8A59BC-EF0B-4A79-ABB8-B68DA4F453EC}.Release|Any CPU.ActiveCfg = Release|x86
		{BE8A59BC-EF0B-4A79-ABB8-B68DA4F453EC}.Release|x86.ActiveCfg = Release|x86
		{BE8A59BC-EF0B-4A79-ABB8-B68DA4F453EC}.Release|x86.Build.0 = Release|x86
		{F8AAF1C4-82E3-4C6E-A1BB-7C2C2E7BEA00}.Debug|Any CPU.ActiveCfg = Debug|Any CPU
		{F8AAF1C4-82E3-4C6E-A1BB-7C2C2E7BEA00}.Debug|Any CPU.Build.0 = Debug|Any CPU
		{F8AAF1C4-82E3-4C6E-A1BB-7C2C2E7BEA00}.Debug|x86.ActiveCfg = Debug|Any CPU
		{F8AAF1C4-82E3-4C6E-A1BB-7C2C2E7BEA00}.Debug|x86.Build.0 = Debug|Any CPU
		{F8AAF1C4-82E3-4C6E-A1BB-7C2C2E7BEA00}.Release|Any CPU.ActiveCfg = Release|Any CPU
		{F8AAF1C4-82E3-4C6E-A1BB-7C2C2E7BEA00}.Release|Any CPU.Build.0 = Release|Any CPU
		{F8AAF1C4-82E3-4C6E-A1BB-7C2C2E7BEA00}.Release|x86.ActiveCfg = Release|Any CPU
		{F8AAF1C4-82E3-4C6E-A1BB-7C2C2E7BEA00}.Release|x86.Build.0 = Release|Any CPU
	EndGlobalSection
	GlobalSection(SolutionProperties) = preSolution
		HideSolutionNode = FALSE
	EndGlobalSection
EndGlobal
